{
  "name": "watcher",
  "version": "0.0.2",
  "lockfileVersion": 3,
  "requires": true,
  "packages": {
    "": {
      "version": "0.0.2",
      "dependencies": {
        "preact": "^10.26.4"
      }
    },
    "node_modules/preact": {
      "version": "10.26.4",
      "resolved": "https://registry.npmjs.org/preact/-/preact-10.26.4.tgz",
      "integrity": "sha512-KJhO7LBFTjP71d83trW+Ilnjbo+ySsaAgCfXOXUlmGzJ4ygYPWmysm77yg4emwfmoz3b22yvH5IsVFHbhUaH5w==",
      "license": "MIT",
      "funding": {
        "type": "opencollective",
        "url": "https://opencollective.com/preact"
      }
    }
  }
}
