{
    "name": "api",
    "lockfileVersion": 3,
    "requires": true,
    "packages": {
        "": {
            "devDependencies": {
                "@browsersync/bslive": "file:../../"
            }
        },
        "../..": {
            "name": "@browsersync/bslive",
            "version": "0.28.2",
            "dev": true,
            "license": "MIT",
            "workspaces": [
                "ui",
                "inject",
                "generated",
                "./examples/openai",
                "./examples/react-router",
                "./examples/watcher"
            ],
            "bin": {
                "bslive": "bin.js"
            },
            "devDependencies": {
                "@napi-rs/cli": "^2.18.3",
                "@playwright/test": "^1.49.0",
                "@types/node": "20.17.6",
                "ava": "^8.0.1",
                "esbuild": "^0.28.0",
                "prettier": "^3.3.3",
                "typescript": "^5.6.3",
                "zod": "^3.24.2"
            },
            "engines": {
                "node": "24"
            }
        },
        "node_modules/@browsersync/bslive": {
            "resolved": "../..",
            "link": true
        }
    }
}
